
Microsoft Visual Studio Solution File, Format Version 12.00
# Visual Studio Version 17
VisualStudioVersion = 17.13.36105.23 d17.13
MinimumVisualStudioVersion = 10.0.40219.1
Project("{FAE04EC0-301F-11D3-BF4B-00C04F79EFBC}") = "Libs.Office", "Libs.Office\Libs.Office.csproj", "{83F2D4EE-49AA-45A1-BB6E-4F1D693BC18D}"
EndProject
Global
	GlobalSection(SolutionConfigurationPlatforms) = preSolution
		Debug|Any CPU = Debug|Any CPU
		Release|Any CPU = Release|Any CPU
	EndGlobalSection
	GlobalSection(ProjectConfigurationPlatforms) = postSolution
		{83F2D4EE-49AA-45A1-BB6E-4F1D693BC18D}.Debug|Any CPU.ActiveCfg = Debug|Any CPU
		{83F2D4EE-49AA-45A1-BB6E-4F1D693BC18D}.Debug|Any CPU.Build.0 = Debug|Any CPU
		{83F2D4EE-49AA-45A1-BB6E-4F1D693BC18D}.Release|Any CPU.ActiveCfg = Release|Any CPU
		{83F2D4EE-49AA-45A1-BB6E-4F1D693BC18D}.Release|Any CPU.Build.0 = Release|Any CPU
	EndGlobalSection
	GlobalSection(SolutionProperties) = preSolution
		HideSolutionNode = FALSE
	EndGlobalSection
	GlobalSection(ExtensibilityGlobals) = postSolution
		SolutionGuid = {1EDB6C5D-BADD-43A1-8721-3BBB868109B2}
	EndGlobalSection
EndGlobal
