
Microsoft Visual Studio Solution File, Format Version 12.00
# Visual Studio Version 17
VisualStudioVersion = 17.13.36105.23
MinimumVisualStudioVersion = 10.0.40219.1
Project("{FAE04EC0-301F-11D3-BF4B-00C04F79EFBC}") = "Libs.Excel", "Libs.Excel\Libs.Excel.csproj", "{A071D565-E3B0-4744-8E9B-FCE4667E43B7}"
EndProject
Project("{FAE04EC0-301F-11D3-BF4B-00C04F79EFBC}") = "Libs.Word", "Libs.Word\Libs.Word.csproj", "{DFC437C5-F93C-4E5B-8BA1-41ACD0BDF96E}"
EndProject
Global
	GlobalSection(SolutionConfigurationPlatforms) = preSolution
		Debug|Any CPU = Debug|Any CPU
		Release|Any CPU = Release|Any CPU
	EndGlobalSection
	GlobalSection(ProjectConfigurationPlatforms) = postSolution
		{A071D565-E3B0-4744-8E9B-FCE4667E43B7}.Debug|Any CPU.ActiveCfg = Debug|Any CPU
		{A071D565-E3B0-4744-8E9B-FCE4667E43B7}.Debug|Any CPU.Build.0 = Debug|Any CPU
		{A071D565-E3B0-4744-8E9B-FCE4667E43B7}.Release|Any CPU.ActiveCfg = Release|Any CPU
		{A071D565-E3B0-4744-8E9B-FCE4667E43B7}.Release|Any CPU.Build.0 = Release|Any CPU
		{DFC437C5-F93C-4E5B-8BA1-41ACD0BDF96E}.Debug|Any CPU.ActiveCfg = Debug|Any CPU
		{DFC437C5-F93C-4E5B-8BA1-41ACD0BDF96E}.Debug|Any CPU.Build.0 = Debug|Any CPU
		{DFC437C5-F93C-4E5B-8BA1-41ACD0BDF96E}.Release|Any CPU.ActiveCfg = Release|Any CPU
		{DFC437C5-F93C-4E5B-8BA1-41ACD0BDF96E}.Release|Any CPU.Build.0 = Release|Any CPU
	EndGlobalSection
	GlobalSection(SolutionProperties) = preSolution
		HideSolutionNode = FALSE
	EndGlobalSection
	GlobalSection(ExtensibilityGlobals) = postSolution
		SolutionGuid = {1EDB6C5D-BADD-43A1-8721-3BBB868109B2}
	EndGlobalSection
EndGlobal
